
Microsoft Visual Studio Solution File, Format Version 12.00
# Visual Studio 15
VisualStudioVersion = 15.0.26124.0
MinimumVisualStudioVersion = 15.0.26124.0
Project("{FAE04EC0-301F-11D3-BF4B-00C04F79EFBC}") = "Dashboard", "Dashboard\Dashboard.csproj", "{687F95BF-C563-4FE6-98EE-AB56F0718BA5}"
EndProject
Project("{FAE04EC0-301F-11D3-BF4B-00C04F79EFBC}") = "Hangfire.Lib", "Hangfire.Lib\Hangfire.Lib.csproj", "{0ABDAC13-D85B-4B88-AFB3-3156F7A15288}"
EndProject
Project("{FAE04EC0-301F-11D3-BF4B-00C04F79EFBC}") = "Worker", "Worker\Worker.csproj", "{66D67667-D3F6-4956-A465-32ED4CBA67E8}"
EndProject
Project("{FAE04EC0-301F-11D3-BF4B-00C04F79EFBC}") = "Workflow.Lib", "Workflow.Lib\Workflow.Lib.csproj", "{2C9D7F67-C1FD-41E3-83CA-2D0B1436ECC2}"
EndProject
Project("{E53339B2-1760-4266-BCC7-CA923CBCF16C}") = "docker-compose", "docker-compose.dcproj", "{B90265C5-F9A2-4C74-B12E-93337435EA30}"
EndProject
Project("{FAE04EC0-301F-11D3-BF4B-00C04F79EFBC}") = "Workflow.Api", "Workflow.Api\Workflow.Api.csproj", "{12D1AB6F-40BF-42DA-A6D1-A282B6966E55}"
EndProject
Global
	GlobalSection(SolutionConfigurationPlatforms) = preSolution
		Debug|Any CPU = Debug|Any CPU
		Debug|x64 = Debug|x64
		Debug|x86 = Debug|x86
		Release|Any CPU = Release|Any CPU
		Release|x64 = Release|x64
		Release|x86 = Release|x86
	EndGlobalSection
	GlobalSection(SolutionProperties) = preSolution
		HideSolutionNode = FALSE
	EndGlobalSection
	GlobalSection(ProjectConfigurationPlatforms) = postSolution
		{687F95BF-C563-4FE6-98EE-AB56F0718BA5}.Debug|Any CPU.ActiveCfg = Debug|Any CPU
		{687F95BF-C563-4FE6-98EE-AB56F0718BA5}.Debug|Any CPU.Build.0 = Debug|Any CPU
		{687F95BF-C563-4FE6-98EE-AB56F0718BA5}.Debug|x64.ActiveCfg = Debug|Any CPU
		{687F95BF-C563-4FE6-98EE-AB56F0718BA5}.Debug|x64.Build.0 = Debug|Any CPU
		{687F95BF-C563-4FE6-98EE-AB56F0718BA5}.Debug|x86.ActiveCfg = Debug|Any CPU
		{687F95BF-C563-4FE6-98EE-AB56F0718BA5}.Debug|x86.Build.0 = Debug|Any CPU
		{687F95BF-C563-4FE6-98EE-AB56F0718BA5}.Release|Any CPU.ActiveCfg = Release|Any CPU
		{687F95BF-C563-4FE6-98EE-AB56F0718BA5}.Release|Any CPU.Build.0 = Release|Any CPU
		{687F95BF-C563-4FE6-98EE-AB56F0718BA5}.Release|x64.ActiveCfg = Release|Any CPU
		{687F95BF-C563-4FE6-98EE-AB56F0718BA5}.Release|x64.Build.0 = Release|Any CPU
		{687F95BF-C563-4FE6-98EE-AB56F0718BA5}.Release|x86.ActiveCfg = Release|Any CPU
		{687F95BF-C563-4FE6-98EE-AB56F0718BA5}.Release|x86.Build.0 = Release|Any CPU
		{0ABDAC13-D85B-4B88-AFB3-3156F7A15288}.Debug|Any CPU.ActiveCfg = Debug|Any CPU
		{0ABDAC13-D85B-4B88-AFB3-3156F7A15288}.Debug|Any CPU.Build.0 = Debug|Any CPU
		{0ABDAC13-D85B-4B88-AFB3-3156F7A15288}.Debug|x64.ActiveCfg = Debug|Any CPU
		{0ABDAC13-D85B-4B88-AFB3-3156F7A15288}.Debug|x64.Build.0 = Debug|Any CPU
		{0ABDAC13-D85B-4B88-AFB3-3156F7A15288}.Debug|x86.ActiveCfg = Debug|Any CPU
		{0ABDAC13-D85B-4B88-AFB3-3156F7A15288}.Debug|x86.Build.0 = Debug|Any CPU
		{0ABDAC13-D85B-4B88-AFB3-3156F7A15288}.Release|Any CPU.ActiveCfg = Release|Any CPU
		{0ABDAC13-D85B-4B88-AFB3-3156F7A15288}.Release|Any CPU.Build.0 = Release|Any CPU
		{0ABDAC13-D85B-4B88-AFB3-3156F7A15288}.Release|x64.ActiveCfg = Release|Any CPU
		{0ABDAC13-D85B-4B88-AFB3-3156F7A15288}.Release|x64.Build.0 = Release|Any CPU
		{0ABDAC13-D85B-4B88-AFB3-3156F7A15288}.Release|x86.ActiveCfg = Release|Any CPU
		{0ABDAC13-D85B-4B88-AFB3-3156F7A15288}.Release|x86.Build.0 = Release|Any CPU
		{66D67667-D3F6-4956-A465-32ED4CBA67E8}.Debug|Any CPU.ActiveCfg = Debug|Any CPU
		{66D67667-D3F6-4956-A465-32ED4CBA67E8}.Debug|Any CPU.Build.0 = Debug|Any CPU
		{66D67667-D3F6-4956-A465-32ED4CBA67E8}.Debug|x64.ActiveCfg = Debug|Any CPU
		{66D67667-D3F6-4956-A465-32ED4CBA67E8}.Debug|x64.Build.0 = Debug|Any CPU
		{66D67667-D3F6-4956-A465-32ED4CBA67E8}.Debug|x86.ActiveCfg = Debug|Any CPU
		{66D67667-D3F6-4956-A465-32ED4CBA67E8}.Debug|x86.Build.0 = Debug|Any CPU
		{66D67667-D3F6-4956-A465-32ED4CBA67E8}.Release|Any CPU.ActiveCfg = Release|Any CPU
		{66D67667-D3F6-4956-A465-32ED4CBA67E8}.Release|Any CPU.Build.0 = Release|Any CPU
		{66D67667-D3F6-4956-A465-32ED4CBA67E8}.Release|x64.ActiveCfg = Release|Any CPU
		{66D67667-D3F6-4956-A465-32ED4CBA67E8}.Release|x64.Build.0 = Release|Any CPU
		{66D67667-D3F6-4956-A465-32ED4CBA67E8}.Release|x86.ActiveCfg = Release|Any CPU
		{66D67667-D3F6-4956-A465-32ED4CBA67E8}.Release|x86.Build.0 = Release|Any CPU
		{2C9D7F67-C1FD-41E3-83CA-2D0B1436ECC2}.Debug|Any CPU.ActiveCfg = Debug|Any CPU
		{2C9D7F67-C1FD-41E3-83CA-2D0B1436ECC2}.Debug|Any CPU.Build.0 = Debug|Any CPU
		{2C9D7F67-C1FD-41E3-83CA-2D0B1436ECC2}.Debug|x64.ActiveCfg = Debug|Any CPU
		{2C9D7F67-C1FD-41E3-83CA-2D0B1436ECC2}.Debug|x64.Build.0 = Debug|Any CPU
		{2C9D7F67-C1FD-41E3-83CA-2D0B1436ECC2}.Debug|x86.ActiveCfg = Debug|Any CPU
		{2C9D7F67-C1FD-41E3-83CA-2D0B1436ECC2}.Debug|x86.Build.0 = Debug|Any CPU
		{2C9D7F67-C1FD-41E3-83CA-2D0B1436ECC2}.Release|Any CPU.ActiveCfg = Release|Any CPU
		{2C9D7F67-C1FD-41E3-83CA-2D0B1436ECC2}.Release|Any CPU.Build.0 = Release|Any CPU
		{2C9D7F67-C1FD-41E3-83CA-2D0B1436ECC2}.Release|x64.ActiveCfg = Release|Any CPU
		{2C9D7F67-C1FD-41E3-83CA-2D0B1436ECC2}.Release|x64.Build.0 = Release|Any CPU
		{2C9D7F67-C1FD-41E3-83CA-2D0B1436ECC2}.Release|x86.ActiveCfg = Release|Any CPU
		{2C9D7F67-C1FD-41E3-83CA-2D0B1436ECC2}.Release|x86.Build.0 = Release|Any CPU
		{B90265C5-F9A2-4C74-B12E-93337435EA30}.Debug|Any CPU.ActiveCfg = Debug|Any CPU
		{B90265C5-F9A2-4C74-B12E-93337435EA30}.Debug|Any CPU.Build.0 = Debug|Any CPU
		{B90265C5-F9A2-4C74-B12E-93337435EA30}.Debug|x64.ActiveCfg = Debug|Any CPU
		{B90265C5-F9A2-4C74-B12E-93337435EA30}.Debug|x64.Build.0 = Debug|Any CPU
		{B90265C5-F9A2-4C74-B12E-93337435EA30}.Debug|x86.ActiveCfg = Debug|Any CPU
		{B90265C5-F9A2-4C74-B12E-93337435EA30}.Debug|x86.Build.0 = Debug|Any CPU
		{B90265C5-F9A2-4C74-B12E-93337435EA30}.Release|Any CPU.ActiveCfg = Release|Any CPU
		{B90265C5-F9A2-4C74-B12E-93337435EA30}.Release|Any CPU.Build.0 = Release|Any CPU
		{B90265C5-F9A2-4C74-B12E-93337435EA30}.Release|x64.ActiveCfg = Release|Any CPU
		{B90265C5-F9A2-4C74-B12E-93337435EA30}.Release|x64.Build.0 = Release|Any CPU
		{B90265C5-F9A2-4C74-B12E-93337435EA30}.Release|x86.ActiveCfg = Release|Any CPU
		{B90265C5-F9A2-4C74-B12E-93337435EA30}.Release|x86.Build.0 = Release|Any CPU
		{12D1AB6F-40BF-42DA-A6D1-A282B6966E55}.Debug|Any CPU.ActiveCfg = Debug|Any CPU
		{12D1AB6F-40BF-42DA-A6D1-A282B6966E55}.Debug|Any CPU.Build.0 = Debug|Any CPU
		{12D1AB6F-40BF-42DA-A6D1-A282B6966E55}.Debug|x64.ActiveCfg = Debug|Any CPU
		{12D1AB6F-40BF-42DA-A6D1-A282B6966E55}.Debug|x64.Build.0 = Debug|Any CPU
		{12D1AB6F-40BF-42DA-A6D1-A282B6966E55}.Debug|x86.ActiveCfg = Debug|Any CPU
		{12D1AB6F-40BF-42DA-A6D1-A282B6966E55}.Debug|x86.Build.0 = Debug|Any CPU
		{12D1AB6F-40BF-42DA-A6D1-A282B6966E55}.Release|Any CPU.ActiveCfg = Release|Any CPU
		{12D1AB6F-40BF-42DA-A6D1-A282B6966E55}.Release|Any CPU.Build.0 = Release|Any CPU
		{12D1AB6F-40BF-42DA-A6D1-A282B6966E55}.Release|x64.ActiveCfg = Release|Any CPU
		{12D1AB6F-40BF-42DA-A6D1-A282B6966E55}.Release|x64.Build.0 = Release|Any CPU
		{12D1AB6F-40BF-42DA-A6D1-A282B6966E55}.Release|x86.ActiveCfg = Release|Any CPU
		{12D1AB6F-40BF-42DA-A6D1-A282B6966E55}.Release|x86.Build.0 = Release|Any CPU
	EndGlobalSection
EndGlobal
